// !$*UTF8*$!
{
	archiveVersion = 1;
	classes = {
	};
	objectVersion = 46;
	objects = {

/* Begin PBXBuildFile section */
		633DE7541E3C929E008401C5 /* AppDelegate.swift in Sources */ = {isa = PBXBuildFile; fileRef = 633DE7531E3C929E008401C5 /* AppDelegate.swift */; };
		633DE7561E3C929E008401C5 /* ViewController.swift in Sources */ = {isa = PBXBuildFile; fileRef = 633DE7551E3C929E008401C5 /* ViewController.swift */; };
		633DE7591E3C929E008401C5 /* Main.storyboard in Resources */ = {isa = PBXBuildFile; fileRef = 633DE7571E3C929E008401C5 /* Main.storyboard */; };
		633DE75B1E3C929E008401C5 /* Assets.xcassets in Resources */ = {isa = PBXBuildFile; fileRef = 633DE75A1E3C929E008401C5 /* Assets.xcassets */; };
		633DE75E1E3C929E008401C5 /* LaunchScreen.storyboard in Resources */ = {isa = PBXBuildFile; fileRef = 633DE75C1E3C929E008401C5 /* LaunchScreen.storyboard */; };
		633DE7661E3C95AE008401C5 /* ProfileViewController.swift in Sources */ = {isa = PBXBuildFile; fileRef = 633DE7651E3C95AE008401C5 /* ProfileViewController.swift */; };
		633DE7681E3C9651008401C5 /* QRReaderViewController.swift in Sources */ = {isa = PBXBuildFile; fileRef = 633DE7671E3C9651008401C5 /* QRReaderViewController.swift */; };
/* End PBXBuildFile section */

/* Begin PBXFileReference section */
		633DE7501E3C929E008401C5 /* theux.app */ = {isa = PBXFileReference; explicitFileType = wrapper.application; includeInIndex = 0; path = theux.app; sourceTree = BUILT_PRODUCTS_DIR; };
		633DE7531E3C929E008401C5 /* AppDelegate.swift */ = {isa = PBXFileReference; lastKnownFileType = sourcecode.swift; path = AppDelegate.swift; sourceTree = "<group>"; };
		633DE7551E3C929E008401C5 /* ViewController.swift */ = {isa = PBXFileReference; lastKnownFileType = sourcecode.swift; path = ViewController.swift; sourceTree = "<group>"; };
		633DE7581E3C929E008401C5 /* Base */ = {isa = PBXFileReference; lastKnownFileType = file.storyboard; name = Base; path = Base.lproj/Main.storyboard; sourceTree = "<group>"; };
		633DE75A1E3C929E008401C5 /* Assets.xcassets */ = {isa = PBXFileReference; lastKnownFileType = folder.assetcatalog; path = Assets.xcassets; sourceTree = "<group>"; };
		633DE75D1E3C929E008401C5 /* Base */ = {isa = PBXFileReference; lastKnownFileType = file.storyboard; name = Base; path = Base.lproj/LaunchScreen.storyboard; sourceTree = "<group>"; };
		633DE75F1E3C929E008401C5 /* Info.plist */ = {isa = PBXFileReference; lastKnownFileType = text.plist.xml; path = Info.plist; sourceTree = "<group>"; };
		633DE7651E3C95AE008401C5 /* ProfileViewController.swift */ = {isa = PBXFileReference; fileEncoding = 4; lastKnownFileType = sourcecode.swift; path = ProfileViewController.swift; sourceTree = "<group>"; };
		633DE7671E3C9651008401C5 /* QRReaderViewController.swift */ = {isa = PBXFileReference; fileEncoding = 4; lastKnownFileType = sourcecode.swift; path = QRReaderViewController.swift; sourceTree = "<group>"; };
/* End PBXFileReference section */

/* Begin PBXFrameworksBuildPhase section */
		633DE74D1E3C929E008401C5 /* Frameworks */ = {
			isa = PBXFrameworksBuildPhase;
			buildActionMask = 2147483647;
			files = (
			);
			runOnlyForDeploymentPostprocessing = 0;
		};
/* End PBXFrameworksBuildPhase section */

/* Begin PBXGroup section */
		633DE7471E3C929E008401C5 = {
			isa = PBXGroup;
			children = (
				633DE7521E3C929E008401C5 /* theux */,
				633DE7511E3C929E008401C5 /* Products */,
			);
			sourceTree = "<group>";
		};
		633DE7511E3C929E008401C5 /* Products */ = {
			isa = PBXGroup;
			children = (
				633DE7501E3C929E008401C5 /* theux.app */,
			);
			name = Products;
			sourceTree = "<group>";
		};
		633DE7521E3C929E008401C5 /* theux */ = {
			isa = PBXGroup;
			children = (
				633DE7531E3C929E008401C5 /* AppDelegate.swift */,
				633DE7551E3C929E008401C5 /* ViewController.swift */,
				633DE7571E3C929E008401C5 /* Main.storyboard */,
				633DE7651E3C95AE008401C5 /* ProfileViewController.swift */,
				633DE7671E3C9651008401C5 /* QRReaderViewController.swift */,
				633DE75A1E3C929E008401C5 /* Assets.xcassets */,
				633DE75C1E3C929E008401C5 /* LaunchScreen.storyboard */,
				633DE75F1E3C929E008401C5 /* Info.plist */,
			);
			path = theux;
			sourceTree = "<group>";
		};
/* End PBXGroup section */

/* Begin PBXNativeTarget section */
		633DE74F1E3C929E008401C5 /* theux */ = {
			isa = PBXNativeTarget;
			buildConfigurationList = 633DE7621E3C929F008401C5 /* Build configuration list for PBXNativeTarget "theux" */;
			buildPhases = (
				633DE74C1E3C929E008401C5 /* Sources */,
				633DE74D1E3C929E008401C5 /* Frameworks */,
				633DE74E1E3C929E008401C5 /* Resources */,
			);
			buildRules = (
			);
			dependencies = (
			);
			name = theux;
			productName = theux;
			productReference = 633DE7501E3C929E008401C5 /* theux.app */;
			productType = "com.apple.product-type.application";
		};
/* End PBXNativeTarget section */

/* Begin PBXProject section */
		633DE7481E3C929E008401C5 /* Project object */ = {
			isa = PBXProject;
			attributes = {
				LastSwiftUpdateCheck = 0800;
				LastUpgradeCheck = 0800;
				ORGANIZATIONNAME = david;
				TargetAttributes = {
					633DE74F1E3C929E008401C5 = {
						CreatedOnToolsVersion = 8.0;
						DevelopmentTeam = E8ALGG4LVX;
						ProvisioningStyle = Automatic;
					};
				};
			};
			buildConfigurationList = 633DE74B1E3C929E008401C5 /* Build configuration list for PBXProject "theux" */;
			compatibilityVersion = "Xcode 3.2";
			developmentRegion = English;
			hasScannedForEncodings = 0;
			knownRegions = (
				en,
				Base,
			);
			mainGroup = 633DE7471E3C929E008401C5;
			productRefGroup = 633DE7511E3C929E008401C5 /* Products */;
			projectDirPath = "";
			projectRoot = "";
			targets = (
				633DE74F1E3C929E008401C5 /* theux */,
			);
		};
/* End PBXProject section */

/* Begin PBXResourcesBuildPhase section */
		633DE74E1E3C929E008401C5 /* Resources */ = {
			isa = PBXResourcesBuildPhase;
			buildActionMask = 2147483647;
			files = (
				633DE75E1E3C929E008401C5 /* LaunchScreen.storyboard in Resources */,
				633DE75B1E3C929E008401C5 /* Assets.xcassets in Resources */,
				633DE7591E3C929E008401C5 /* Main.storyboard in Resources */,
			);
			runOnlyForDeploymentPostprocessing = 0;
		};
/* End PBXResourcesBuildPhase section */

/* Begin PBXSourcesBuildPhase section */
		633DE74C1E3C929E008401C5 /* Sources */ = {
			isa = PBXSourcesBuildPhase;
			buildActionMask = 2147483647;
			files = (
				633DE7681E3C9651008401C5 /* QRReaderViewController.swift in Sources */,
				633DE7661E3C95AE008401C5 /* ProfileViewController.swift in Sources */,
				633DE7561E3C929E008401C5 /* ViewController.swift in Sources */,
				633DE7541E3C929E008401C5 /* AppDelegate.swift in Sources */,
			);
			runOnlyForDeploymentPostprocessing = 0;
		};
/* End PBXSourcesBuildPhase section */

/* Begin PBXVariantGroup section */
		633DE7571E3C929E008401C5 /* Main.storyboard */ = {
			isa = PBXVariantGroup;
			children = (
				633DE7581E3C929E008401C5 /* Base */,
			);
			name = Main.storyboard;
			sourceTree = "<group>";
		};
		633DE75C1E3C929E008401C5 /* LaunchScreen.storyboard */ = {
			isa = PBXVariantGroup;
			children = (
				633DE75D1E3C929E008401C5 /* Base */,
			);
			name = LaunchScreen.storyboard;
			sourceTree = "<group>";
		};
/* End PBXVariantGroup section */

/* Begin XCBuildConfiguration section */
		633DE7601E3C929E008401C5 /* Debug */ = {
			isa = XCBuildConfiguration;
			buildSettings = {
				ALWAYS_SEARCH_USER_PATHS = NO;
				CLANG_ANALYZER_NONNULL = YES;
				CLANG_CXX_LANGUAGE_STANDARD = "gnu++0x";
				CLANG_CXX_LIBRARY = "libc++";
				CLANG_ENABLE_MODULES = YES;
				CLANG_ENABLE_OBJC_ARC = YES;
				CLANG_WARN_BOOL_CONVERSION = YES;
				CLANG_WARN_CONSTANT_CONVERSION = YES;
				CLANG_WARN_DIRECT_OBJC_ISA_USAGE = YES_ERROR;
				CLANG_WARN_DOCUMENTATION_COMMENTS = YES;
				CLANG_WARN_EMPTY_BODY = YES;
				CLANG_WARN_ENUM_CONVERSION = YES;
				CLANG_WARN_INFINITE_RECURSION = YES;
				CLANG_WARN_INT_CONVERSION = YES;
				CLANG_WARN_OBJC_ROOT_CLASS = YES_ERROR;
				CLANG_WARN_SUSPICIOUS_MOVES = YES;
				CLANG_WARN_UNREACHABLE_CODE = YES;
				CLANG_WARN__DUPLICATE_METHOD_MATCH = YES;
				"CODE_SIGN_IDENTITY[sdk=iphoneos*]" = "iPhone Developer";
				COPY_PHASE_STRIP = NO;
				DEBUG_INFORMATION_FORMAT = dwarf;
				ENABLE_STRICT_OBJC_MSGSEND = YES;
				ENABLE_TESTABILITY = YES;
				GCC_C_LANGUAGE_STANDARD = gnu99;
				GCC_DYNAMIC_NO_PIC = NO;
				GCC_NO_COMMON_BLOCKS = YES;
				GCC_OPTIMIZATION_LEVEL = 0;
				GCC_PREPROCESSOR_DEFINITIONS = (
					"DEBUG=1",
					"$(inherited)",
				);
				GCC_WARN_64_TO_32_BIT_CONVERSION = YES;
				GCC_WARN_ABOUT_RETURN_TYPE = YES_ERROR;
				GCC_WARN_UNDECLARED_SELECTOR = YES;
				GCC_WARN_UNINITIALIZED_AUTOS = YES_AGGRESSIVE;
				GCC_WARN_UNUSED_FUNCTION = YES;
				GCC_WARN_UNUSED_VARIABLE = YES;
				IPHONEOS_DEPLOYMENT_TARGET = 10.0;
				MTL_ENABLE_DEBUG_INFO = YES;
				ONLY_ACTIVE_ARCH = YES;
				SDKROOT = iphoneos;
				SWIFT_ACTIVE_COMPILATION_CONDITIONS = DEBUG;
				SWIFT_OPTIMIZATION_LEVEL = "-Onone";
				TARGETED_DEVICE_FAMILY = "1,2";
			};
			name = Debug;
		};
		633DE7611E3C929E008401C5 /* Release */ = {
			isa = XCBuildConfiguration;
			buildSettings = {
				ALWAYS_SEARCH_USER_PATHS = NO;
				CLANG_ANALYZER_NONNULL = YES;
				CLANG_CXX_LANGUAGE_STANDARD = "gnu++0x";
				CLANG_CXX_LIBRARY = "libc++";
				CLANG_ENABLE_MODULES = YES;
				CLANG_ENABLE_OBJC_ARC = YES;
				CLANG_WARN_BOOL_CONVERSION = YES;
				CLANG_WARN_CONSTANT_CONVERSION = YES;
				CLANG_WARN_DIRECT_OBJC_ISA_USAGE = YES_ERROR;
				CLANG_WARN_DOCUMENTATION_COMMENTS = YES;
				CLANG_WARN_EMPTY_BODY = YES;
				CLANG_WARN_ENUM_CONVERSION = YES;
				CLANG_WARN_INFINITE_RECURSION = YES;
				CLANG_WARN_INT_CONVERSION = YES;
				CLANG_WARN_OBJC_ROOT_CLASS = YES_ERROR;
				CLANG_WARN_SUSPICIOUS_MOVES = YES;
				CLANG_WARN_UNREACHABLE_CODE = YES;
				CLANG_WARN__DUPLICATE_METHOD_MATCH = YES;
				"CODE_SIGN_IDENTITY[sdk=iphoneos*]" = "iPhone Developer";
				COPY_PHASE_STRIP = NO;
				DEBUG_INFORMATION_FORMAT = "dwarf-with-dsym";
				ENABLE_NS_ASSERTIONS = NO;
				ENABLE_STRICT_OBJC_MSGSEND = YES;
				GCC_C_LANGUAGE_STANDARD = gnu99;
				GCC_NO_COMMON_BLOCKS = YES;
				GCC_WARN_64_TO_32_BIT_CONVERSION = YES;
				GCC_WARN_ABOUT_RETURN_TYPE = YES_ERROR;
				GCC_WARN_UNDECLARED_SELECTOR = YES;
				GCC_WARN_UNINITIALIZED_AUTOS = YES_AGGRESSIVE;
				GCC_WARN_UNUSED_FUNCTION = YES;
				GCC_WARN_UNUSED_VARIABLE = YES;
				IPHONEOS_DEPLOYMENT_TARGET = 10.0;
				MTL_ENABLE_DEBUG_INFO = NO;
				SDKROOT = iphoneos;
				SWIFT_OPTIMIZATION_LEVEL = "-Owholemodule";
				TARGETED_DEVICE_FAMILY = "1,2";
				VALIDATE_PRODUCT = YES;
			};
			name = Release;
		};
		633DE7631E3C929F008401C5 /* Debug */ = {
			isa = XCBuildConfiguration;
			buildSettings = {
				ASSETCATALOG_COMPILER_APPICON_NAME = AppIcon;
				DEVELOPMENT_TEAM = E8ALGG4LVX;
				INFOPLIST_FILE = theux/Info.plist;
				LD_RUNPATH_SEARCH_PATHS = "$(inherited) @executable_path/Frameworks";
				PRODUCT_BUNDLE_IDENTIFIER = com.david.theux;
				PRODUCT_NAME = "$(TARGET_NAME)";
				SWIFT_VERSION = 3.0;
			};
			name = Debug;
		};
		633DE7641E3C929F008401C5 /* Release */ = {
			isa = XCBuildConfiguration;
			buildSettings = {
				ASSETCATALOG_COMPILER_APPICON_NAME = AppIcon;
				DEVELOPMENT_TEAM = E8ALGG4LVX;
				INFOPLIST_FILE = theux/Info.plist;
				LD_RUNPATH_SEARCH_PATHS = "$(inherited) @executable_path/Frameworks";
				PRODUCT_BUNDLE_IDENTIFIER = com.david.theux;
				PRODUCT_NAME = "$(TARGET_NAME)";
				SWIFT_VERSION = 3.0;
			};
			name = Release;
		};
/* End XCBuildConfiguration section */

/* Begin XCConfigurationList section */
		633DE74B1E3C929E008401C5 /* Build configuration list for PBXProject "theux" */ = {
			isa = XCConfigurationList;
			buildConfigurations = (
				633DE7601E3C929E008401C5 /* Debug */,
				633DE7611E3C929E008401C5 /* Release */,
			);
			defaultConfigurationIsVisible = 0;
			defaultConfigurationName = Release;
		};
		633DE7621E3C929F008401C5 /* Build configuration list for PBXNativeTarget "theux" */ = {
			isa = XCConfigurationList;
			buildConfigurations = (
				633DE7631E3C929F008401C5 /* Debug */,
				633DE7641E3C929F008401C5 /* Release */,
			);
			defaultConfigurationIsVisible = 0;
		};
/* End XCConfigurationList section */
	};
	rootObject = 633DE7481E3C929E008401C5 /* Project object */;
}
